
Microsoft Visual Studio Solution File, Format Version 12.00
# Visual Studio 2013
VisualStudioVersion = 12.0.21005.1
MinimumVisualStudioVersion = 10.0.40219.1
Project("{2150E333-8FDC-42A3-9474-1A3956D46DE8}") = "Tests", "Tests", "{AB8921F4-2755-42F5-AE7B-74072B8BB955}"
EndProject
Project("{FAE04EC0-301F-11D3-BF4B-00C04F79EFBC}") = "RecordCase.Models.Tests", "Tests\RecordCase.Model.Tests\RecordCase.Models.Tests.csproj", "{3173084E-A623-448F-B152-1025869D8C61}"
EndProject
Project("{FAE04EC0-301F-11D3-BF4B-00C04F79EFBC}") = "RecordCase.Core.Tests", "Tests\RecordCase.Core.Tests\RecordCase.Core.Tests.csproj", "{4CAA4287-9D5D-487D-BAE9-30E9338089FA}"
EndProject
Project("{2150E333-8FDC-42A3-9474-1A3956D46DE8}") = "Code", "Code", "{F3F18C52-9C39-4F22-977C-F2D829A525D0}"
EndProject
Project("{2150E333-8FDC-42A3-9474-1A3956D46DE8}") = "DAL", "DAL", "{EA4DDDD7-F879-4C65-9DFC-279277482031}"
EndProject
Project("{2150E333-8FDC-42A3-9474-1A3956D46DE8}") = "BAL", "BAL", "{C8017EC9-18C2-4E70-8717-370B764F28C4}"
EndProject
Project("{2150E333-8FDC-42A3-9474-1A3956D46DE8}") = "WPF", "WPF", "{5992A1DA-CF1A-4D3F-95DD-DA926B0820FF}"
EndProject
Project("{2150E333-8FDC-42A3-9474-1A3956D46DE8}") = "COMMON", "COMMON", "{BAE8252E-BDBE-481E-95D5-F6DA4C00993E}"
EndProject
Project("{FAE04EC0-301F-11D3-BF4B-00C04F79EFBC}") = "RecordCase.Core", "Code\COMMON\RecordCase.Core\RecordCase.Core.csproj", "{1D1B3725-BEE2-4699-8445-AB3D8B26D665}"
EndProject
Project("{FAE04EC0-301F-11D3-BF4B-00C04F79EFBC}") = "RecordCase.Models", "Code\DAL\RecordCase.Model\RecordCase.Models.csproj", "{E062046B-461A-423F-AB0F-006C4848E6DA}"
EndProject
Project("{FAE04EC0-301F-11D3-BF4B-00C04F79EFBC}") = "RecordCase.Repository", "Code\DAL\RecordCase.Repository\RecordCase.Repository.csproj", "{130D21D4-6B59-4556-9725-B33A4B9C4D58}"
EndProject
Project("{FAE04EC0-301F-11D3-BF4B-00C04F79EFBC}") = "RecordCase.Business", "Code\BAL\RecordCase.Business\RecordCase.Business.csproj", "{0C1C2924-750A-4768-AB8A-05C1526E3293}"
EndProject
Project("{FAE04EC0-301F-11D3-BF4B-00C04F79EFBC}") = "RecordCase.Business.Tests", "Tests\RecordCase.Business.Tests\RecordCase.Business.Tests.csproj", "{571C04D9-5719-432C-BD32-15EF8EDB19FD}"
EndProject
Project("{FAE04EC0-301F-11D3-BF4B-00C04F79EFBC}") = "RecordCase.UI", "Code\WPF\RecordCase.UI\RecordCase.UI.csproj", "{EDA5D406-701A-4F0B-9E3F-854D9791921C}"
EndProject
Project("{FAE04EC0-301F-11D3-BF4B-00C04F79EFBC}") = "RecordCase.Controls", "Code\WPF\RecordCase.WPFControls\RecordCase.Controls.csproj", "{8903B3AB-E78B-4AD7-8496-752E46120EA9}"
EndProject
Project("{FAE04EC0-301F-11D3-BF4B-00C04F79EFBC}") = "RecordCase.TestsCommon", "RecordCase.TestsCommon\RecordCase.TestsCommon.csproj", "{3F797406-D28C-4EAE-9489-751AF963C48F}"
EndProject
Global
	GlobalSection(SolutionConfigurationPlatforms) = preSolution
		Debug|Any CPU = Debug|Any CPU
		Release|Any CPU = Release|Any CPU
	EndGlobalSection
	GlobalSection(ProjectConfigurationPlatforms) = postSolution
		{3173084E-A623-448F-B152-1025869D8C61}.Debug|Any CPU.ActiveCfg = Debug|Any CPU
		{3173084E-A623-448F-B152-1025869D8C61}.Debug|Any CPU.Build.0 = Debug|Any CPU
		{3173084E-A623-448F-B152-1025869D8C61}.Release|Any CPU.ActiveCfg = Release|Any CPU
		{3173084E-A623-448F-B152-1025869D8C61}.Release|Any CPU.Build.0 = Release|Any CPU
		{4CAA4287-9D5D-487D-BAE9-30E9338089FA}.Debug|Any CPU.ActiveCfg = Debug|Any CPU
		{4CAA4287-9D5D-487D-BAE9-30E9338089FA}.Debug|Any CPU.Build.0 = Debug|Any CPU
		{4CAA4287-9D5D-487D-BAE9-30E9338089FA}.Release|Any CPU.ActiveCfg = Release|Any CPU
		{4CAA4287-9D5D-487D-BAE9-30E9338089FA}.Release|Any CPU.Build.0 = Release|Any CPU
		{1D1B3725-BEE2-4699-8445-AB3D8B26D665}.Debug|Any CPU.ActiveCfg = Debug|Any CPU
		{1D1B3725-BEE2-4699-8445-AB3D8B26D665}.Debug|Any CPU.Build.0 = Debug|Any CPU
		{1D1B3725-BEE2-4699-8445-AB3D8B26D665}.Release|Any CPU.ActiveCfg = Release|Any CPU
		{1D1B3725-BEE2-4699-8445-AB3D8B26D665}.Release|Any CPU.Build.0 = Release|Any CPU
		{E062046B-461A-423F-AB0F-006C4848E6DA}.Debug|Any CPU.ActiveCfg = Debug|Any CPU
		{E062046B-461A-423F-AB0F-006C4848E6DA}.Debug|Any CPU.Build.0 = Debug|Any CPU
		{E062046B-461A-423F-AB0F-006C4848E6DA}.Release|Any CPU.ActiveCfg = Release|Any CPU
		{E062046B-461A-423F-AB0F-006C4848E6DA}.Release|Any CPU.Build.0 = Release|Any CPU
		{130D21D4-6B59-4556-9725-B33A4B9C4D58}.Debug|Any CPU.ActiveCfg = Debug|Any CPU
		{130D21D4-6B59-4556-9725-B33A4B9C4D58}.Debug|Any CPU.Build.0 = Debug|Any CPU
		{130D21D4-6B59-4556-9725-B33A4B9C4D58}.Release|Any CPU.ActiveCfg = Release|Any CPU
		{130D21D4-6B59-4556-9725-B33A4B9C4D58}.Release|Any CPU.Build.0 = Release|Any CPU
		{0C1C2924-750A-4768-AB8A-05C1526E3293}.Debug|Any CPU.ActiveCfg = Debug|Any CPU
		{0C1C2924-750A-4768-AB8A-05C1526E3293}.Debug|Any CPU.Build.0 = Debug|Any CPU
		{0C1C2924-750A-4768-AB8A-05C1526E3293}.Release|Any CPU.ActiveCfg = Release|Any CPU
		{0C1C2924-750A-4768-AB8A-05C1526E3293}.Release|Any CPU.Build.0 = Release|Any CPU
		{571C04D9-5719-432C-BD32-15EF8EDB19FD}.Debug|Any CPU.ActiveCfg = Debug|Any CPU
		{571C04D9-5719-432C-BD32-15EF8EDB19FD}.Debug|Any CPU.Build.0 = Debug|Any CPU
		{571C04D9-5719-432C-BD32-15EF8EDB19FD}.Release|Any CPU.ActiveCfg = Release|Any CPU
		{571C04D9-5719-432C-BD32-15EF8EDB19FD}.Release|Any CPU.Build.0 = Release|Any CPU
		{EDA5D406-701A-4F0B-9E3F-854D9791921C}.Debug|Any CPU.ActiveCfg = Debug|Any CPU
		{EDA5D406-701A-4F0B-9E3F-854D9791921C}.Debug|Any CPU.Build.0 = Debug|Any CPU
		{EDA5D406-701A-4F0B-9E3F-854D9791921C}.Release|Any CPU.ActiveCfg = Release|Any CPU
		{EDA5D406-701A-4F0B-9E3F-854D9791921C}.Release|Any CPU.Build.0 = Release|Any CPU
		{8903B3AB-E78B-4AD7-8496-752E46120EA9}.Debug|Any CPU.ActiveCfg = Debug|Any CPU
		{8903B3AB-E78B-4AD7-8496-752E46120EA9}.Debug|Any CPU.Build.0 = Debug|Any CPU
		{8903B3AB-E78B-4AD7-8496-752E46120EA9}.Release|Any CPU.ActiveCfg = Release|Any CPU
		{8903B3AB-E78B-4AD7-8496-752E46120EA9}.Release|Any CPU.Build.0 = Release|Any CPU
		{3F797406-D28C-4EAE-9489-751AF963C48F}.Debug|Any CPU.ActiveCfg = Debug|Any CPU
		{3F797406-D28C-4EAE-9489-751AF963C48F}.Debug|Any CPU.Build.0 = Debug|Any CPU
		{3F797406-D28C-4EAE-9489-751AF963C48F}.Release|Any CPU.ActiveCfg = Release|Any CPU
		{3F797406-D28C-4EAE-9489-751AF963C48F}.Release|Any CPU.Build.0 = Release|Any CPU
	EndGlobalSection
	GlobalSection(SolutionProperties) = preSolution
		HideSolutionNode = FALSE
	EndGlobalSection
	GlobalSection(NestedProjects) = preSolution
		{3173084E-A623-448F-B152-1025869D8C61} = {AB8921F4-2755-42F5-AE7B-74072B8BB955}
		{4CAA4287-9D5D-487D-BAE9-30E9338089FA} = {AB8921F4-2755-42F5-AE7B-74072B8BB955}
		{571C04D9-5719-432C-BD32-15EF8EDB19FD} = {AB8921F4-2755-42F5-AE7B-74072B8BB955}
		{3F797406-D28C-4EAE-9489-751AF963C48F} = {AB8921F4-2755-42F5-AE7B-74072B8BB955}
		{EA4DDDD7-F879-4C65-9DFC-279277482031} = {F3F18C52-9C39-4F22-977C-F2D829A525D0}
		{C8017EC9-18C2-4E70-8717-370B764F28C4} = {F3F18C52-9C39-4F22-977C-F2D829A525D0}
		{5992A1DA-CF1A-4D3F-95DD-DA926B0820FF} = {F3F18C52-9C39-4F22-977C-F2D829A525D0}
		{BAE8252E-BDBE-481E-95D5-F6DA4C00993E} = {F3F18C52-9C39-4F22-977C-F2D829A525D0}
		{E062046B-461A-423F-AB0F-006C4848E6DA} = {EA4DDDD7-F879-4C65-9DFC-279277482031}
		{130D21D4-6B59-4556-9725-B33A4B9C4D58} = {EA4DDDD7-F879-4C65-9DFC-279277482031}
		{0C1C2924-750A-4768-AB8A-05C1526E3293} = {C8017EC9-18C2-4E70-8717-370B764F28C4}
		{EDA5D406-701A-4F0B-9E3F-854D9791921C} = {5992A1DA-CF1A-4D3F-95DD-DA926B0820FF}
		{8903B3AB-E78B-4AD7-8496-752E46120EA9} = {5992A1DA-CF1A-4D3F-95DD-DA926B0820FF}
		{1D1B3725-BEE2-4699-8445-AB3D8B26D665} = {BAE8252E-BDBE-481E-95D5-F6DA4C00993E}
	EndGlobalSection
EndGlobal
